// !$*UTF8*$!
{
	archiveVersion = 1;
	classes = {
	};
	objectVersion = 56;
	objects = {

/* Begin PBXBuildFile section */
		DD255ABD2AF915AD007FD259 /* Task.swift in Sources */ = {isa = PBXBuildFile; fileRef = DD255ABC2AF915AD007FD259 /* Task.swift */; };
		DD39F1F82AF6125100D368C6 /* AppDelegate.swift in Sources */ = {isa = PBXBuildFile; fileRef = DD39F1F72AF6125100D368C6 /* AppDelegate.swift */; };
		DD39F1FA2AF6125100D368C6 /* SceneDelegate.swift in Sources */ = {isa = PBXBuildFile; fileRef = DD39F1F92AF6125100D368C6 /* SceneDelegate.swift */; };
		DD39F1FC2AF6125100D368C6 /* ViewController.swift in Sources */ = {isa = PBXBuildFile; fileRef = DD39F1FB2AF6125100D368C6 /* ViewController.swift */; };
		DD39F1FF2AF6125100D368C6 /* Main.storyboard in Resources */ = {isa = PBXBuildFile; fileRef = DD39F1FD2AF6125100D368C6 /* Main.storyboard */; };
		DD39F2012AF6125300D368C6 /* Assets.xcassets in Resources */ = {isa = PBXBuildFile; fileRef = DD39F2002AF6125300D368C6 /* Assets.xcassets */; };
		DD39F2042AF6125300D368C6 /* LaunchScreen.storyboard in Resources */ = {isa = PBXBuildFile; fileRef = DD39F2022AF6125300D368C6 /* LaunchScreen.storyboard */; };
		DD39F20F2AF6125300D368C6 /* Neobis_iOS_ToDoAppTests.swift in Sources */ = {isa = PBXBuildFile; fileRef = DD39F20E2AF6125300D368C6 /* Neobis_iOS_ToDoAppTests.swift */; };
		DD39F2192AF6125300D368C6 /* Neobis_iOS_ToDoAppUITests.swift in Sources */ = {isa = PBXBuildFile; fileRef = DD39F2182AF6125300D368C6 /* Neobis_iOS_ToDoAppUITests.swift */; };
		DD39F21B2AF6125300D368C6 /* Neobis_iOS_ToDoAppUITestsLaunchTests.swift in Sources */ = {isa = PBXBuildFile; fileRef = DD39F21A2AF6125300D368C6 /* Neobis_iOS_ToDoAppUITestsLaunchTests.swift */; };
		DD39F22A2AF6241A00D368C6 /* AddViewController.swift in Sources */ = {isa = PBXBuildFile; fileRef = DD39F2292AF6241A00D368C6 /* AddViewController.swift */; };
/* End PBXBuildFile section */

/* Begin PBXContainerItemProxy section */
		DD39F20B2AF6125300D368C6 /* PBXContainerItemProxy */ = {
			isa = PBXContainerItemProxy;
			containerPortal = DD39F1EC2AF6125100D368C6 /* Project object */;
			proxyType = 1;
			remoteGlobalIDString = DD39F1F32AF6125100D368C6;
			remoteInfo = Neobis_iOS_ToDoApp;
		};
		DD39F2152AF6125300D368C6 /* PBXContainerItemProxy */ = {
			isa = PBXContainerItemProxy;
			containerPortal = DD39F1EC2AF6125100D368C6 /* Project object */;
			proxyType = 1;
			remoteGlobalIDString = DD39F1F32AF6125100D368C6;
			remoteInfo = Neobis_iOS_ToDoApp;
		};
/* End PBXContainerItemProxy section */

/* Begin PBXFileReference section */
		DD255ABC2AF915AD007FD259 /* Task.swift */ = {isa = PBXFileReference; lastKnownFileType = sourcecode.swift; path = Task.swift; sourceTree = "<group>"; };
		DD39F1F42AF6125100D368C6 /* Neobis_iOS_ToDoApp.app */ = {isa = PBXFileReference; explicitFileType = wrapper.application; includeInIndex = 0; path = Neobis_iOS_ToDoApp.app; sourceTree = BUILT_PRODUCTS_DIR; };
		DD39F1F72AF6125100D368C6 /* AppDelegate.swift */ = {isa = PBXFileReference; lastKnownFileType = sourcecode.swift; path = AppDelegate.swift; sourceTree = "<group>"; };
		DD39F1F92AF6125100D368C6 /* SceneDelegate.swift */ = {isa = PBXFileReference; lastKnownFileType = sourcecode.swift; path = SceneDelegate.swift; sourceTree = "<group>"; };
		DD39F1FB2AF6125100D368C6 /* ViewController.swift */ = {isa = PBXFileReference; lastKnownFileType = sourcecode.swift; path = ViewController.swift; sourceTree = "<group>"; };
		DD39F1FE2AF6125100D368C6 /* Base */ = {isa = PBXFileReference; lastKnownFileType = file.storyboard; name = Base; path = Base.lproj/Main.storyboard; sourceTree = "<group>"; };
		DD39F2002AF6125300D368C6 /* Assets.xcassets */ = {isa = PBXFileReference; lastKnownFileType = folder.assetcatalog; path = Assets.xcassets; sourceTree = "<group>"; };
		DD39F2032AF6125300D368C6 /* Base */ = {isa = PBXFileReference; lastKnownFileType = file.storyboard; name = Base; path = Base.lproj/LaunchScreen.storyboard; sourceTree = "<group>"; };
		DD39F2052AF6125300D368C6 /* Info.plist */ = {isa = PBXFileReference; lastKnownFileType = text.plist.xml; path = Info.plist; sourceTree = "<group>"; };
		DD39F20A2AF6125300D368C6 /* Neobis_iOS_ToDoAppTests.xctest */ = {isa = PBXFileReference; explicitFileType = wrapper.cfbundle; includeInIndex = 0; path = Neobis_iOS_ToDoAppTests.xctest; sourceTree = BUILT_PRODUCTS_DIR; };
		DD39F20E2AF6125300D368C6 /* Neobis_iOS_ToDoAppTests.swift */ = {isa = PBXFileReference; lastKnownFileType = sourcecode.swift; path = Neobis_iOS_ToDoAppTests.swift; sourceTree = "<group>"; };
		DD39F2142AF6125300D368C6 /* Neobis_iOS_ToDoAppUITests.xctest */ = {isa = PBXFileReference; explicitFileType = wrapper.cfbundle; includeInIndex = 0; path = Neobis_iOS_ToDoAppUITests.xctest; sourceTree = BUILT_PRODUCTS_DIR; };
		DD39F2182AF6125300D368C6 /* Neobis_iOS_ToDoAppUITests.swift */ = {isa = PBXFileReference; lastKnownFileType = sourcecode.swift; path = Neobis_iOS_ToDoAppUITests.swift; sourceTree = "<group>"; };
		DD39F21A2AF6125300D368C6 /* Neobis_iOS_ToDoAppUITestsLaunchTests.swift */ = {isa = PBXFileReference; lastKnownFileType = sourcecode.swift; path = Neobis_iOS_ToDoAppUITestsLaunchTests.swift; sourceTree = "<group>"; };
		DD39F2292AF6241A00D368C6 /* AddViewController.swift */ = {isa = PBXFileReference; lastKnownFileType = sourcecode.swift; path = AddViewController.swift; sourceTree = "<group>"; };
/* End PBXFileReference section */

/* Begin PBXFrameworksBuildPhase section */
		DD39F1F12AF6125100D368C6 /* Frameworks */ = {
			isa = PBXFrameworksBuildPhase;
			buildActionMask = 2147483647;
			files = (
			);
			runOnlyForDeploymentPostprocessing = 0;
		};
		DD39F2072AF6125300D368C6 /* Frameworks */ = {
			isa = PBXFrameworksBuildPhase;
			buildActionMask = 2147483647;
			files = (
			);
			runOnlyForDeploymentPostprocessing = 0;
		};
		DD39F2112AF6125300D368C6 /* Frameworks */ = {
			isa = PBXFrameworksBuildPhase;
			buildActionMask = 2147483647;
			files = (
			);
			runOnlyForDeploymentPostprocessing = 0;
		};
/* End PBXFrameworksBuildPhase section */

/* Begin PBXGroup section */
		DD39F1EB2AF6125100D368C6 = {
			isa = PBXGroup;
			children = (
				DD39F1F62AF6125100D368C6 /* Neobis_iOS_ToDoApp */,
				DD39F20D2AF6125300D368C6 /* Neobis_iOS_ToDoAppTests */,
				DD39F2172AF6125300D368C6 /* Neobis_iOS_ToDoAppUITests */,
				DD39F1F52AF6125100D368C6 /* Products */,
			);
			sourceTree = "<group>";
		};
		DD39F1F52AF6125100D368C6 /* Products */ = {
			isa = PBXGroup;
			children = (
				DD39F1F42AF6125100D368C6 /* Neobis_iOS_ToDoApp.app */,
				DD39F20A2AF6125300D368C6 /* Neobis_iOS_ToDoAppTests.xctest */,
				DD39F2142AF6125300D368C6 /* Neobis_iOS_ToDoAppUITests.xctest */,
			);
			name = Products;
			sourceTree = "<group>";
		};
		DD39F1F62AF6125100D368C6 /* Neobis_iOS_ToDoApp */ = {
			isa = PBXGroup;
			children = (
				DD39F1F72AF6125100D368C6 /* AppDelegate.swift */,
				DD39F1F92AF6125100D368C6 /* SceneDelegate.swift */,
				DD39F1FB2AF6125100D368C6 /* ViewController.swift */,
				DD39F1FD2AF6125100D368C6 /* Main.storyboard */,
				DD39F2002AF6125300D368C6 /* Assets.xcassets */,
				DD39F2022AF6125300D368C6 /* LaunchScreen.storyboard */,
				DD39F2052AF6125300D368C6 /* Info.plist */,
				DD39F2292AF6241A00D368C6 /* AddViewController.swift */,
				DD255ABC2AF915AD007FD259 /* Task.swift */,
			);
			path = Neobis_iOS_ToDoApp;
			sourceTree = "<group>";
		};
		DD39F20D2AF6125300D368C6 /* Neobis_iOS_ToDoAppTests */ = {
			isa = PBXGroup;
			children = (
				DD39F20E2AF6125300D368C6 /* Neobis_iOS_ToDoAppTests.swift */,
			);
			path = Neobis_iOS_ToDoAppTests;
			sourceTree = "<group>";
		};
		DD39F2172AF6125300D368C6 /* Neobis_iOS_ToDoAppUITests */ = {
			isa = PBXGroup;
			children = (
				DD39F2182AF6125300D368C6 /* Neobis_iOS_ToDoAppUITests.swift */,
				DD39F21A2AF6125300D368C6 /* Neobis_iOS_ToDoAppUITestsLaunchTests.swift */,
			);
			path = Neobis_iOS_ToDoAppUITests;
			sourceTree = "<group>";
		};
/* End PBXGroup section */

/* Begin PBXNativeTarget section */
		DD39F1F32AF6125100D368C6 /* Neobis_iOS_ToDoApp */ = {
			isa = PBXNativeTarget;
			buildConfigurationList = DD39F21E2AF6125300D368C6 /* Build configuration list for PBXNativeTarget "Neobis_iOS_ToDoApp" */;
			buildPhases = (
				DD39F1F02AF6125100D368C6 /* Sources */,
				DD39F1F12AF6125100D368C6 /* Frameworks */,
				DD39F1F22AF6125100D368C6 /* Resources */,
			);
			buildRules = (
			);
			dependencies = (
			);
			name = Neobis_iOS_ToDoApp;
			productName = Neobis_iOS_ToDoApp;
			productReference = DD39F1F42AF6125100D368C6 /* Neobis_iOS_ToDoApp.app */;
			productType = "com.apple.product-type.application";
		};
		DD39F2092AF6125300D368C6 /* Neobis_iOS_ToDoAppTests */ = {
			isa = PBXNativeTarget;
			buildConfigurationList = DD39F2212AF6125300D368C6 /* Build configuration list for PBXNativeTarget "Neobis_iOS_ToDoAppTests" */;
			buildPhases = (
				DD39F2062AF6125300D368C6 /* Sources */,
				DD39F2072AF6125300D368C6 /* Frameworks */,
				DD39F2082AF6125300D368C6 /* Resources */,
			);
			buildRules = (
			);
			dependencies = (
				DD39F20C2AF6125300D368C6 /* PBXTargetDependency */,
			);
			name = Neobis_iOS_ToDoAppTests;
			productName = Neobis_iOS_ToDoAppTests;
			productReference = DD39F20A2AF6125300D368C6 /* Neobis_iOS_ToDoAppTests.xctest */;
			productType = "com.apple.product-type.bundle.unit-test";
		};
		DD39F2132AF6125300D368C6 /* Neobis_iOS_ToDoAppUITests */ = {
			isa = PBXNativeTarget;
			buildConfigurationList = DD39F2242AF6125300D368C6 /* Build configuration list for PBXNativeTarget "Neobis_iOS_ToDoAppUITests" */;
			buildPhases = (
				DD39F2102AF6125300D368C6 /* Sources */,
				DD39F2112AF6125300D368C6 /* Frameworks */,
				DD39F2122AF6125300D368C6 /* Resources */,
			);
			buildRules = (
			);
			dependencies = (
				DD39F2162AF6125300D368C6 /* PBXTargetDependency */,
			);
			name = Neobis_iOS_ToDoAppUITests;
			productName = Neobis_iOS_ToDoAppUITests;
			productReference = DD39F2142AF6125300D368C6 /* Neobis_iOS_ToDoAppUITests.xctest */;
			productType = "com.apple.product-type.bundle.ui-testing";
		};
/* End PBXNativeTarget section */

/* Begin PBXProject section */
		DD39F1EC2AF6125100D368C6 /* Project object */ = {
			isa = PBXProject;
			attributes = {
				BuildIndependentTargetsInParallel = 1;
				LastSwiftUpdateCheck = 1500;
				LastUpgradeCheck = 1500;
				TargetAttributes = {
					DD39F1F32AF6125100D368C6 = {
						CreatedOnToolsVersion = 15.0.1;
					};
					DD39F2092AF6125300D368C6 = {
						CreatedOnToolsVersion = 15.0.1;
						TestTargetID = DD39F1F32AF6125100D368C6;
					};
					DD39F2132AF6125300D368C6 = {
						CreatedOnToolsVersion = 15.0.1;
						TestTargetID = DD39F1F32AF6125100D368C6;
					};
				};
			};
			buildConfigurationList = DD39F1EF2AF6125100D368C6 /* Build configuration list for PBXProject "Neobis_iOS_ToDoApp" */;
			compatibilityVersion = "Xcode 14.0";
			developmentRegion = en;
			hasScannedForEncodings = 0;
			knownRegions = (
				en,
				Base,
			);
			mainGroup = DD39F1EB2AF6125100D368C6;
			productRefGroup = DD39F1F52AF6125100D368C6 /* Products */;
			projectDirPath = "";
			projectRoot = "";
			targets = (
				DD39F1F32AF6125100D368C6 /* Neobis_iOS_ToDoApp */,
				DD39F2092AF6125300D368C6 /* Neobis_iOS_ToDoAppTests */,
				DD39F2132AF6125300D368C6 /* Neobis_iOS_ToDoAppUITests */,
			);
		};
/* End PBXProject section */

/* Begin PBXResourcesBuildPhase section */
		DD39F1F22AF6125100D368C6 /* Resources */ = {
			isa = PBXResourcesBuildPhase;
			buildActionMask = 2147483647;
			files = (
				DD39F2042AF6125300D368C6 /* LaunchScreen.storyboard in Resources */,
				DD39F2012AF6125300D368C6 /* Assets.xcassets in Resources */,
				DD39F1FF2AF6125100D368C6 /* Main.storyboard in Resources */,
			);
			runOnlyForDeploymentPostprocessing = 0;
		};
		DD39F2082AF6125300D368C6 /* Resources */ = {
			isa = PBXResourcesBuildPhase;
			buildActionMask = 2147483647;
			files = (
			);
			runOnlyForDeploymentPostprocessing = 0;
		};
		DD39F2122AF6125300D368C6 /* Resources */ = {
			isa = PBXResourcesBuildPhase;
			buildActionMask = 2147483647;
			files = (
			);
			runOnlyForDeploymentPostprocessing = 0;
		};
/* End PBXResourcesBuildPhase section */

/* Begin PBXSourcesBuildPhase section */
		DD39F1F02AF6125100D368C6 /* Sources */ = {
			isa = PBXSourcesBuildPhase;
			buildActionMask = 2147483647;
			files = (
				DD39F1FC2AF6125100D368C6 /* ViewController.swift in Sources */,
				DD39F1F82AF6125100D368C6 /* AppDelegate.swift in Sources */,
				DD255ABD2AF915AD007FD259 /* Task.swift in Sources */,
				DD39F22A2AF6241A00D368C6 /* AddViewController.swift in Sources */,
				DD39F1FA2AF6125100D368C6 /* SceneDelegate.swift in Sources */,
			);
			runOnlyForDeploymentPostprocessing = 0;
		};
		DD39F2062AF6125300D368C6 /* Sources */ = {
			isa = PBXSourcesBuildPhase;
			buildActionMask = 2147483647;
			files = (
				DD39F20F2AF6125300D368C6 /* Neobis_iOS_ToDoAppTests.swift in Sources */,
			);
			runOnlyForDeploymentPostprocessing = 0;
		};
		DD39F2102AF6125300D368C6 /* Sources */ = {
			isa = PBXSourcesBuildPhase;
			buildActionMask = 2147483647;
			files = (
				DD39F21B2AF6125300D368C6 /* Neobis_iOS_ToDoAppUITestsLaunchTests.swift in Sources */,
				DD39F2192AF6125300D368C6 /* Neobis_iOS_ToDoAppUITests.swift in Sources */,
			);
			runOnlyForDeploymentPostprocessing = 0;
		};
/* End PBXSourcesBuildPhase section */

/* Begin PBXTargetDependency section */
		DD39F20C2AF6125300D368C6 /* PBXTargetDependency */ = {
			isa = PBXTargetDependency;
			target = DD39F1F32AF6125100D368C6 /* Neobis_iOS_ToDoApp */;
			targetProxy = DD39F20B2AF6125300D368C6 /* PBXContainerItemProxy */;
		};
		DD39F2162AF6125300D368C6 /* PBXTargetDependency */ = {
			isa = PBXTargetDependency;
			target = DD39F1F32AF6125100D368C6 /* Neobis_iOS_ToDoApp */;
			targetProxy = DD39F2152AF6125300D368C6 /* PBXContainerItemProxy */;
		};
/* End PBXTargetDependency section */

/* Begin PBXVariantGroup section */
		DD39F1FD2AF6125100D368C6 /* Main.storyboard */ = {
			isa = PBXVariantGroup;
			children = (
				DD39F1FE2AF6125100D368C6 /* Base */,
			);
			name = Main.storyboard;
			sourceTree = "<group>";
		};
		DD39F2022AF6125300D368C6 /* LaunchScreen.storyboard */ = {
			isa = PBXVariantGroup;
			children = (
				DD39F2032AF6125300D368C6 /* Base */,
			);
			name = LaunchScreen.storyboard;
			sourceTree = "<group>";
		};
/* End PBXVariantGroup section */

/* Begin XCBuildConfiguration section */
		DD39F21C2AF6125300D368C6 /* Debug */ = {
			isa = XCBuildConfiguration;
			buildSettings = {
				ALWAYS_SEARCH_USER_PATHS = NO;
				ASSETCATALOG_COMPILER_GENERATE_SWIFT_ASSET_SYMBOL_EXTENSIONS = YES;
				CLANG_ANALYZER_NONNULL = YES;
				CLANG_ANALYZER_NUMBER_OBJECT_CONVERSION = YES_AGGRESSIVE;
				CLANG_CXX_LANGUAGE_STANDARD = "gnu++20";
				CLANG_ENABLE_MODULES = YES;
				CLANG_ENABLE_OBJC_ARC = YES;
				CLANG_ENABLE_OBJC_WEAK = YES;
				CLANG_WARN_BLOCK_CAPTURE_AUTORELEASING = YES;
				CLANG_WARN_BOOL_CONVERSION = YES;
				CLANG_WARN_COMMA = YES;
				CLANG_WARN_CONSTANT_CONVERSION = YES;
				CLANG_WARN_DEPRECATED_OBJC_IMPLEMENTATIONS = YES;
				CLANG_WARN_DIRECT_OBJC_ISA_USAGE = YES_ERROR;
				CLANG_WARN_DOCUMENTATION_COMMENTS = YES;
				CLANG_WARN_EMPTY_BODY = YES;
				CLANG_WARN_ENUM_CONVERSION = YES;
				CLANG_WARN_INFINITE_RECURSION = YES;
				CLANG_WARN_INT_CONVERSION = YES;
				CLANG_WARN_NON_LITERAL_NULL_CONVERSION = YES;
				CLANG_WARN_OBJC_IMPLICIT_RETAIN_SELF = YES;
				CLANG_WARN_OBJC_LITERAL_CONVERSION = YES;
				CLANG_WARN_OBJC_ROOT_CLASS = YES_ERROR;
				CLANG_WARN_QUOTED_INCLUDE_IN_FRAMEWORK_HEADER = YES;
				CLANG_WARN_RANGE_LOOP_ANALYSIS = YES;
				CLANG_WARN_STRICT_PROTOTYPES = YES;
				CLANG_WARN_SUSPICIOUS_MOVE = YES;
				CLANG_WARN_UNGUARDED_AVAILABILITY = YES_AGGRESSIVE;
				CLANG_WARN_UNREACHABLE_CODE = YES;
				CLANG_WARN__DUPLICATE_METHOD_MATCH = YES;
				COPY_PHASE_STRIP = NO;
				DEBUG_INFORMATION_FORMAT = dwarf;
				ENABLE_STRICT_OBJC_MSGSEND = YES;
				ENABLE_TESTABILITY = YES;
				ENABLE_USER_SCRIPT_SANDBOXING = YES;
				GCC_C_LANGUAGE_STANDARD = gnu17;
				GCC_DYNAMIC_NO_PIC = NO;
				GCC_NO_COMMON_BLOCKS = YES;
				GCC_OPTIMIZATION_LEVEL = 0;
				GCC_PREPROCESSOR_DEFINITIONS = (
					"DEBUG=1",
					"$(inherited)",
				);
				GCC_WARN_64_TO_32_BIT_CONVERSION = YES;
				GCC_WARN_ABOUT_RETURN_TYPE = YES_ERROR;
				GCC_WARN_UNDECLARED_SELECTOR = YES;
				GCC_WARN_UNINITIALIZED_AUTOS = YES_AGGRESSIVE;
				GCC_WARN_UNUSED_FUNCTION = YES;
				GCC_WARN_UNUSED_VARIABLE = YES;
				IPHONEOS_DEPLOYMENT_TARGET = 17.0;
				LOCALIZATION_PREFERS_STRING_CATALOGS = YES;
				MTL_ENABLE_DEBUG_INFO = INCLUDE_SOURCE;
				MTL_FAST_MATH = YES;
				ONLY_ACTIVE_ARCH = YES;
				SDKROOT = iphoneos;
				SWIFT_ACTIVE_COMPILATION_CONDITIONS = "DEBUG $(inherited)";
				SWIFT_OPTIMIZATION_LEVEL = "-Onone";
			};
			name = Debug;
		};
		DD39F21D2AF6125300D368C6 /* Release */ = {
			isa = XCBuildConfiguration;
			buildSettings = {
				ALWAYS_SEARCH_USER_PATHS = NO;
				ASSETCATALOG_COMPILER_GENERATE_SWIFT_ASSET_SYMBOL_EXTENSIONS = YES;
				CLANG_ANALYZER_NONNULL = YES;
				CLANG_ANALYZER_NUMBER_OBJECT_CONVERSION = YES_AGGRESSIVE;
				CLANG_CXX_LANGUAGE_STANDARD = "gnu++20";
				CLANG_ENABLE_MODULES = YES;
				CLANG_ENABLE_OBJC_ARC = YES;
				CLANG_ENABLE_OBJC_WEAK = YES;
				CLANG_WARN_BLOCK_CAPTURE_AUTORELEASING = YES;
				CLANG_WARN_BOOL_CONVERSION = YES;
				CLANG_WARN_COMMA = YES;
				CLANG_WARN_CONSTANT_CONVERSION = YES;
				CLANG_WARN_DEPRECATED_OBJC_IMPLEMENTATIONS = YES;
				CLANG_WARN_DIRECT_OBJC_ISA_USAGE = YES_ERROR;
				CLANG_WARN_DOCUMENTATION_COMMENTS = YES;
				CLANG_WARN_EMPTY_BODY = YES;
				CLANG_WARN_ENUM_CONVERSION = YES;
				CLANG_WARN_INFINITE_RECURSION = YES;
				CLANG_WARN_INT_CONVERSION = YES;
				CLANG_WARN_NON_LITERAL_NULL_CONVERSION = YES;
				CLANG_WARN_OBJC_IMPLICIT_RETAIN_SELF = YES;
				CLANG_WARN_OBJC_LITERAL_CONVERSION = YES;
				CLANG_WARN_OBJC_ROOT_CLASS = YES_ERROR;
				CLANG_WARN_QUOTED_INCLUDE_IN_FRAMEWORK_HEADER = YES;
				CLANG_WARN_RANGE_LOOP_ANALYSIS = YES;
				CLANG_WARN_STRICT_PROTOTYPES = YES;
				CLANG_WARN_SUSPICIOUS_MOVE = YES;
				CLANG_WARN_UNGUARDED_AVAILABILITY = YES_AGGRESSIVE;
				CLANG_WARN_UNREACHABLE_CODE = YES;
				CLANG_WARN__DUPLICATE_METHOD_MATCH = YES;
				COPY_PHASE_STRIP = NO;
				DEBUG_INFORMATION_FORMAT = "dwarf-with-dsym";
				ENABLE_NS_ASSERTIONS = NO;
				ENABLE_STRICT_OBJC_MSGSEND = YES;
				ENABLE_USER_SCRIPT_SANDBOXING = YES;
				GCC_C_LANGUAGE_STANDARD = gnu17;
				GCC_NO_COMMON_BLOCKS = YES;
				GCC_WARN_64_TO_32_BIT_CONVERSION = YES;
				GCC_WARN_ABOUT_RETURN_TYPE = YES_ERROR;
				GCC_WARN_UNDECLARED_SELECTOR = YES;
				GCC_WARN_UNINITIALIZED_AUTOS = YES_AGGRESSIVE;
				GCC_WARN_UNUSED_FUNCTION = YES;
				GCC_WARN_UNUSED_VARIABLE = YES;
				IPHONEOS_DEPLOYMENT_TARGET = 17.0;
				LOCALIZATION_PREFERS_STRING_CATALOGS = YES;
				MTL_ENABLE_DEBUG_INFO = NO;
				MTL_FAST_MATH = YES;
				SDKROOT = iphoneos;
				SWIFT_COMPILATION_MODE = wholemodule;
				VALIDATE_PRODUCT = YES;
			};
			name = Release;
		};
		DD39F21F2AF6125300D368C6 /* Debug */ = {
			isa = XCBuildConfiguration;
			buildSettings = {
				ASSETCATALOG_COMPILER_APPICON_NAME = AppIcon;
				ASSETCATALOG_COMPILER_GLOBAL_ACCENT_COLOR_NAME = AccentColor;
				CODE_SIGN_STYLE = Automatic;
				CURRENT_PROJECT_VERSION = 1;
				DEVELOPMENT_TEAM = H7BR8NTQAT;
				GENERATE_INFOPLIST_FILE = YES;
				INFOPLIST_FILE = Neobis_iOS_ToDoApp/Info.plist;
				INFOPLIST_KEY_UIApplicationSupportsIndirectInputEvents = YES;
				INFOPLIST_KEY_UILaunchStoryboardName = LaunchScreen;
				INFOPLIST_KEY_UIMainStoryboardFile = Main;
				INFOPLIST_KEY_UISupportedInterfaceOrientations_iPad = "UIInterfaceOrientationPortrait UIInterfaceOrientationPortraitUpsideDown UIInterfaceOrientationLandscapeLeft UIInterfaceOrientationLandscapeRight";
				INFOPLIST_KEY_UISupportedInterfaceOrientations_iPhone = "UIInterfaceOrientationPortrait UIInterfaceOrientationLandscapeLeft UIInterfaceOrientationLandscapeRight";
				LD_RUNPATH_SEARCH_PATHS = (
					"$(inherited)",
					"@executable_path/Frameworks",
				);
				MARKETING_VERSION = 1.0;
				PRODUCT_BUNDLE_IDENTIFIER = "burte.Neobis-iOS-ToDoApp";
				PRODUCT_NAME = "$(TARGET_NAME)";
				SWIFT_EMIT_LOC_STRINGS = YES;
				SWIFT_VERSION = 5.0;
				TARGETED_DEVICE_FAMILY = "1,2";
			};
			name = Debug;
		};
		DD39F2202AF6125300D368C6 /* Release */ = {
			isa = XCBuildConfiguration;
			buildSettings = {
				ASSETCATALOG_COMPILER_APPICON_NAME = AppIcon;
				ASSETCATALOG_COMPILER_GLOBAL_ACCENT_COLOR_NAME = AccentColor;
				CODE_SIGN_STYLE = Automatic;
				CURRENT_PROJECT_VERSION = 1;
				DEVELOPMENT_TEAM = H7BR8NTQAT;
				GENERATE_INFOPLIST_FILE = YES;
				INFOPLIST_FILE = Neobis_iOS_ToDoApp/Info.plist;
				INFOPLIST_KEY_UIApplicationSupportsIndirectInputEvents = YES;
				INFOPLIST_KEY_UILaunchStoryboardName = LaunchScreen;
				INFOPLIST_KEY_UIMainStoryboardFile = Main;
				INFOPLIST_KEY_UISupportedInterfaceOrientations_iPad = "UIInterfaceOrientationPortrait UIInterfaceOrientationPortraitUpsideDown UIInterfaceOrientationLandscapeLeft UIInterfaceOrientationLandscapeRight";
				INFOPLIST_KEY_UISupportedInterfaceOrientations_iPhone = "UIInterfaceOrientationPortrait UIInterfaceOrientationLandscapeLeft UIInterfaceOrientationLandscapeRight";
				LD_RUNPATH_SEARCH_PATHS = (
					"$(inherited)",
					"@executable_path/Frameworks",
				);
				MARKETING_VERSION = 1.0;
				PRODUCT_BUNDLE_IDENTIFIER = "burte.Neobis-iOS-ToDoApp";
				PRODUCT_NAME = "$(TARGET_NAME)";
				SWIFT_EMIT_LOC_STRINGS = YES;
				SWIFT_VERSION = 5.0;
				TARGETED_DEVICE_FAMILY = "1,2";
			};
			name = Release;
		};
		DD39F2222AF6125300D368C6 /* Debug */ = {
			isa = XCBuildConfiguration;
			buildSettings = {
				ALWAYS_EMBED_SWIFT_STANDARD_LIBRARIES = YES;
				BUNDLE_LOADER = "$(TEST_HOST)";
				CODE_SIGN_STYLE = Automatic;
				CURRENT_PROJECT_VERSION = 1;
				DEVELOPMENT_TEAM = H7BR8NTQAT;
				GENERATE_INFOPLIST_FILE = YES;
				IPHONEOS_DEPLOYMENT_TARGET = 17.0;
				MARKETING_VERSION = 1.0;
				PRODUCT_BUNDLE_IDENTIFIER = "burte.Neobis-iOS-ToDoAppTests";
				PRODUCT_NAME = "$(TARGET_NAME)";
				SWIFT_EMIT_LOC_STRINGS = NO;
				SWIFT_VERSION = 5.0;
				TARGETED_DEVICE_FAMILY = "1,2";
				TEST_HOST = "$(BUILT_PRODUCTS_DIR)/Neobis_iOS_ToDoApp.app/$(BUNDLE_EXECUTABLE_FOLDER_PATH)/Neobis_iOS_ToDoApp";
			};
			name = Debug;
		};
		DD39F2232AF6125300D368C6 /* Release */ = {
			isa = XCBuildConfiguration;
			buildSettings = {
				ALWAYS_EMBED_SWIFT_STANDARD_LIBRARIES = YES;
				BUNDLE_LOADER = "$(TEST_HOST)";
				CODE_SIGN_STYLE = Automatic;
				CURRENT_PROJECT_VERSION = 1;
				DEVELOPMENT_TEAM = H7BR8NTQAT;
				GENERATE_INFOPLIST_FILE = YES;
				IPHONEOS_DEPLOYMENT_TARGET = 17.0;
				MARKETING_VERSION = 1.0;
				PRODUCT_BUNDLE_IDENTIFIER = "burte.Neobis-iOS-ToDoAppTests";
				PRODUCT_NAME = "$(TARGET_NAME)";
				SWIFT_EMIT_LOC_STRINGS = NO;
				SWIFT_VERSION = 5.0;
				TARGETED_DEVICE_FAMILY = "1,2";
				TEST_HOST = "$(BUILT_PRODUCTS_DIR)/Neobis_iOS_ToDoApp.app/$(BUNDLE_EXECUTABLE_FOLDER_PATH)/Neobis_iOS_ToDoApp";
			};
			name = Release;
		};
		DD39F2252AF6125300D368C6 /* Debug */ = {
			isa = XCBuildConfiguration;
			buildSettings = {
				ALWAYS_EMBED_SWIFT_STANDARD_LIBRARIES = YES;
				CODE_SIGN_STYLE = Automatic;
				CURRENT_PROJECT_VERSION = 1;
				DEVELOPMENT_TEAM = H7BR8NTQAT;
				GENERATE_INFOPLIST_FILE = YES;
				MARKETING_VERSION = 1.0;
				PRODUCT_BUNDLE_IDENTIFIER = "burte.Neobis-iOS-ToDoAppUITests";
				PRODUCT_NAME = "$(TARGET_NAME)";
				SWIFT_EMIT_LOC_STRINGS = NO;
				SWIFT_VERSION = 5.0;
				TARGETED_DEVICE_FAMILY = "1,2";
				TEST_TARGET_NAME = Neobis_iOS_ToDoApp;
			};
			name = Debug;
		};
		DD39F2262AF6125300D368C6 /* Release */ = {
			isa = XCBuildConfiguration;
			buildSettings = {
				ALWAYS_EMBED_SWIFT_STANDARD_LIBRARIES = YES;
				CODE_SIGN_STYLE = Automatic;
				CURRENT_PROJECT_VERSION = 1;
				DEVELOPMENT_TEAM = H7BR8NTQAT;
				GENERATE_INFOPLIST_FILE = YES;
				MARKETING_VERSION = 1.0;
				PRODUCT_BUNDLE_IDENTIFIER = "burte.Neobis-iOS-ToDoAppUITests";
				PRODUCT_NAME = "$(TARGET_NAME)";
				SWIFT_EMIT_LOC_STRINGS = NO;
				SWIFT_VERSION = 5.0;
				TARGETED_DEVICE_FAMILY = "1,2";
				TEST_TARGET_NAME = Neobis_iOS_ToDoApp;
			};
			name = Release;
		};
/* End XCBuildConfiguration section */

/* Begin XCConfigurationList section */
		DD39F1EF2AF6125100D368C6 /* Build configuration list for PBXProject "Neobis_iOS_ToDoApp" */ = {
			isa = XCConfigurationList;
			buildConfigurations = (
				DD39F21C2AF6125300D368C6 /* Debug */,
				DD39F21D2AF6125300D368C6 /* Release */,
			);
			defaultConfigurationIsVisible = 0;
			defaultConfigurationName = Release;
		};
		DD39F21E2AF6125300D368C6 /* Build configuration list for PBXNativeTarget "Neobis_iOS_ToDoApp" */ = {
			isa = XCConfigurationList;
			buildConfigurations = (
				DD39F21F2AF6125300D368C6 /* Debug */,
				DD39F2202AF6125300D368C6 /* Release */,
			);
			defaultConfigurationIsVisible = 0;
			defaultConfigurationName = Release;
		};
		DD39F2212AF6125300D368C6 /* Build configuration list for PBXNativeTarget "Neobis_iOS_ToDoAppTests" */ = {
			isa = XCConfigurationList;
			buildConfigurations = (
				DD39F2222AF6125300D368C6 /* Debug */,
				DD39F2232AF6125300D368C6 /* Release */,
			);
			defaultConfigurationIsVisible = 0;
			defaultConfigurationName = Release;
		};
		DD39F2242AF6125300D368C6 /* Build configuration list for PBXNativeTarget "Neobis_iOS_ToDoAppUITests" */ = {
			isa = XCConfigurationList;
			buildConfigurations = (
				DD39F2252AF6125300D368C6 /* Debug */,
				DD39F2262AF6125300D368C6 /* Release */,
			);
			defaultConfigurationIsVisible = 0;
			defaultConfigurationName = Release;
		};
/* End XCConfigurationList section */
	};
	rootObject = DD39F1EC2AF6125100D368C6 /* Project object */;
}
